
Microsoft Visual Studio Solution File, Format Version 12.00
# Visual Studio Version 16
VisualStudioVersion = 16.0.29519.181
MinimumVisualStudioVersion = 10.0.40219.1
Project("{FAE04EC0-301F-11D3-BF4B-00C04F79EFBC}") = "RagnarokControlPanelApplication", "src\RagnarokControlPanelApplication\RagnarokControlPanelApplication.csproj", "{E72DA642-D603-4E90-B2BD-074E2CFFCE1F}"
EndProject
Project("{FAE04EC0-301F-11D3-BF4B-00C04F79EFBC}") = "Ragnarok.Infrastructure", "src\RagnarokInfrastructure\Ragnarok.Infrastructure.csproj", "{C96F118E-00BE-4AF4-A3B6-F699A5079080}"
EndProject
Project("{FAE04EC0-301F-11D3-BF4B-00C04F79EFBC}") = "Ragnarok.Domain", "src\Ragnarok.Domain\Ragnarok.Domain.csproj", "{02D4794A-093C-46D6-BFDB-7BE738E7CB85}"
EndProject
Project("{FAE04EC0-301F-11D3-BF4B-00C04F79EFBC}") = "Ragnarok.Persistence", "src\Ragnarok.Persistence\Ragnarok.Persistence.csproj", "{3025B8FB-AA15-4B61-B929-782AC7A04457}"
EndProject
Global
	GlobalSection(SolutionConfigurationPlatforms) = preSolution
		Debug|Any CPU = Debug|Any CPU
		Release|Any CPU = Release|Any CPU
	EndGlobalSection
	GlobalSection(ProjectConfigurationPlatforms) = postSolution
		{E72DA642-D603-4E90-B2BD-074E2CFFCE1F}.Debug|Any CPU.ActiveCfg = Debug|Any CPU
		{E72DA642-D603-4E90-B2BD-074E2CFFCE1F}.Debug|Any CPU.Build.0 = Debug|Any CPU
		{E72DA642-D603-4E90-B2BD-074E2CFFCE1F}.Release|Any CPU.ActiveCfg = Release|Any CPU
		{E72DA642-D603-4E90-B2BD-074E2CFFCE1F}.Release|Any CPU.Build.0 = Release|Any CPU
		{C96F118E-00BE-4AF4-A3B6-F699A5079080}.Debug|Any CPU.ActiveCfg = Debug|Any CPU
		{C96F118E-00BE-4AF4-A3B6-F699A5079080}.Debug|Any CPU.Build.0 = Debug|Any CPU
		{C96F118E-00BE-4AF4-A3B6-F699A5079080}.Release|Any CPU.ActiveCfg = Release|Any CPU
		{C96F118E-00BE-4AF4-A3B6-F699A5079080}.Release|Any CPU.Build.0 = Release|Any CPU
		{02D4794A-093C-46D6-BFDB-7BE738E7CB85}.Debug|Any CPU.ActiveCfg = Debug|Any CPU
		{02D4794A-093C-46D6-BFDB-7BE738E7CB85}.Debug|Any CPU.Build.0 = Debug|Any CPU
		{02D4794A-093C-46D6-BFDB-7BE738E7CB85}.Release|Any CPU.ActiveCfg = Release|Any CPU
		{02D4794A-093C-46D6-BFDB-7BE738E7CB85}.Release|Any CPU.Build.0 = Release|Any CPU
		{3025B8FB-AA15-4B61-B929-782AC7A04457}.Debug|Any CPU.ActiveCfg = Debug|Any CPU
		{3025B8FB-AA15-4B61-B929-782AC7A04457}.Debug|Any CPU.Build.0 = Debug|Any CPU
		{3025B8FB-AA15-4B61-B929-782AC7A04457}.Release|Any CPU.ActiveCfg = Release|Any CPU
		{3025B8FB-AA15-4B61-B929-782AC7A04457}.Release|Any CPU.Build.0 = Release|Any CPU
	EndGlobalSection
	GlobalSection(SolutionProperties) = preSolution
		HideSolutionNode = FALSE
	EndGlobalSection
	GlobalSection(ExtensibilityGlobals) = postSolution
		SolutionGuid = {5BC2E2AB-E5AC-4283-A098-DFB4DE5FABC5}
	EndGlobalSection
EndGlobal
